hash: a2c1974ec167ab2bb1f7a73a8fe14b465e164e4a35618afdb0ff25a40d08828b
updated: 2016-06-28T12:38:08.094835327+01:00
imports:
- name: github.com/golang/protobuf
  version: 0c1f6d65b5a189c2250d10e71a5506f06f9fa0a0
  subpackages:
  - proto
- name: github.com/hashicorp/consul
  version: 09cfda47ed103910a8e1af76fa378a7e6acd5310
  subpackages:
  - api
- name: github.com/hashicorp/go-cleanhttp
  version: 875fb671b3ddc66f8e2f0acc33829c8cb989a38d
- name: github.com/hashicorp/serf
  version: 6c4672d66fc6312ddde18399262943e21175d831
  subpackages:
  - coordinate
  - serf
- name: golang.org/x/net
  version: 04557861f124410b768b1ba5bb3a91b705afbfc6
  subpackages:
  - context
  - http2
  - trace
  - http2/hpack
  - lex/httplex
  - internal/timeseries
- name: google.golang.org/grpc
  version: 0eb7c5dcd059d77bde1eb5bc7d953940170d0d18
  subpackages:
  - codes
  - grpclog
  - transport
  - examples/helloworld/helloworld
  - credentials
  - internal
  - metadata
  - naming
  - peer
testImports:
- name: github.com/onsi/ginkgo
  version: 059cec02d342bab423425a99b191186a03255e9e
  subpackages:
  - extensions/table
  - config
  - internal/codelocation
  - internal/failer
  - internal/remote
  - internal/suite
  - internal/testingtproxy
  - internal/writer
  - reporters
  - reporters/stenographer
  - types
  - internal/containernode
  - internal/leafnodes
  - internal/spec
  - internal/specrunner
- name: github.com/onsi/gomega
  version: 0df7b7fdb38123c12a1f569f0affb2c2a7bd72cf
  subpackages:
  - internal/assertion
  - internal/asyncassertion
  - internal/testingtsupport
  - matchers
  - types
  - internal/oraclematcher
  - format
  - matchers/support/goraph/bipartitegraph
  - matchers/support/goraph/edge
  - matchers/support/goraph/node
  - matchers/support/goraph/util
- name: gopkg.in/yaml.v2
  version: a83829b6f1293c91addabc89d0571c246397bbf4
